
Microsoft Visual Studio Solution File, Format Version 12.00
# Visual Studio 14
VisualStudioVersion = 14.0.25420.1
MinimumVisualStudioVersion = 10.0.40219.1
Project("{FAE04EC0-301F-11D3-BF4B-00C04F79EFBC}") = "FinalProject1", "FinalProject1\FinalProject1.csproj", "{5265F7AC-A2EA-4488-80D1-66239427C3E0}"
EndProject
Project("{F088123C-0E9E-452A-89E6-6BA2F21D5CAC}") = "ModelingProject1", "ModelingProject1\ModelingProject1.modelproj", "{7C059F60-91F4-401F-A1A6-C10FD6604E3C}"
EndProject
Project("{FAE04EC0-301F-11D3-BF4B-00C04F79EFBC}") = "FinalProject1Tests", "FinalProject1Tests\FinalProject1Tests.csproj", "{0DCEAD21-E50A-48B7-BFB2-DBDD0DFB990F}"
EndProject
Global
	GlobalSection(SolutionConfigurationPlatforms) = preSolution
		Debug|Any CPU = Debug|Any CPU
		Release|Any CPU = Release|Any CPU
	EndGlobalSection
	GlobalSection(ProjectConfigurationPlatforms) = postSolution
		{5265F7AC-A2EA-4488-80D1-66239427C3E0}.Debug|Any CPU.ActiveCfg = Debug|Any CPU
		{5265F7AC-A2EA-4488-80D1-66239427C3E0}.Debug|Any CPU.Build.0 = Debug|Any CPU
		{5265F7AC-A2EA-4488-80D1-66239427C3E0}.Release|Any CPU.ActiveCfg = Release|Any CPU
		{5265F7AC-A2EA-4488-80D1-66239427C3E0}.Release|Any CPU.Build.0 = Release|Any CPU
		{7C059F60-91F4-401F-A1A6-C10FD6604E3C}.Debug|Any CPU.ActiveCfg = Debug|Any CPU
		{7C059F60-91F4-401F-A1A6-C10FD6604E3C}.Debug|Any CPU.Build.0 = Debug|Any CPU
		{7C059F60-91F4-401F-A1A6-C10FD6604E3C}.Release|Any CPU.ActiveCfg = Release|Any CPU
		{7C059F60-91F4-401F-A1A6-C10FD6604E3C}.Release|Any CPU.Build.0 = Release|Any CPU
		{0DCEAD21-E50A-48B7-BFB2-DBDD0DFB990F}.Debug|Any CPU.ActiveCfg = Debug|Any CPU
		{0DCEAD21-E50A-48B7-BFB2-DBDD0DFB990F}.Debug|Any CPU.Build.0 = Debug|Any CPU
		{0DCEAD21-E50A-48B7-BFB2-DBDD0DFB990F}.Release|Any CPU.ActiveCfg = Release|Any CPU
		{0DCEAD21-E50A-48B7-BFB2-DBDD0DFB990F}.Release|Any CPU.Build.0 = Release|Any CPU
	EndGlobalSection
	GlobalSection(SolutionProperties) = preSolution
		HideSolutionNode = FALSE
	EndGlobalSection
EndGlobal
